
Microsoft Visual Studio Solution File, Format Version 12.00
# Visual Studio 14
VisualStudioVersion = 14.0.25420.1
MinimumVisualStudioVersion = 10.0.40219.1
Project("{FAE04EC0-301F-11D3-BF4B-00C04F79EFBC}") = "Angkor.O7Framework.Data", "Angkor.O7Framework.Data\Angkor.O7Framework.Data.csproj", "{6CE0C6E6-55C7-42C9-BFDF-D51FB14CE6B0}"
EndProject
Project("{FAE04EC0-301F-11D3-BF4B-00C04F79EFBC}") = "Angkor.O7Framework.Test", "Angkor.O7Framework.Test\Angkor.O7Framework.Test.csproj", "{F4CDB56C-0BC3-4BCF-AA87-2B3DEBE6AB67}"
EndProject
Project("{FAE04EC0-301F-11D3-BF4B-00C04F79EFBC}") = "Angkor.O7Framework.Utility", "Angkor.O7Framework.Security\Angkor.O7Framework.Utility.csproj", "{C5040A3E-40CE-481F-B1D9-2056D642D937}"
EndProject
Project("{FAE04EC0-301F-11D3-BF4B-00C04F79EFBC}") = "Angkor.O7Framework.Web", "Angkor.O7Framework.Web\Angkor.O7Framework.Web.csproj", "{EB18D8F8-FA06-4255-B02E-249AB2D60CE0}"
EndProject
Project("{FAE04EC0-301F-11D3-BF4B-00C04F79EFBC}") = "Angkor.O7Framework.Domain", "Angkor.O7Framework.Domain\Angkor.O7Framework.Domain.csproj", "{9D9386D9-976B-4D51-832F-9C61EFAB323E}"
EndProject
Project("{FAE04EC0-301F-11D3-BF4B-00C04F79EFBC}") = "TestCastleCore", "TestCastleCore\TestCastleCore.csproj", "{726D6D27-C6AA-425C-B755-E38A6F5786EE}"
EndProject
Global
	GlobalSection(SolutionConfigurationPlatforms) = preSolution
		Debug|Any CPU = Debug|Any CPU
		Release|Any CPU = Release|Any CPU
	EndGlobalSection
	GlobalSection(ProjectConfigurationPlatforms) = postSolution
		{6CE0C6E6-55C7-42C9-BFDF-D51FB14CE6B0}.Debug|Any CPU.ActiveCfg = Debug|Any CPU
		{6CE0C6E6-55C7-42C9-BFDF-D51FB14CE6B0}.Debug|Any CPU.Build.0 = Debug|Any CPU
		{6CE0C6E6-55C7-42C9-BFDF-D51FB14CE6B0}.Release|Any CPU.ActiveCfg = Release|Any CPU
		{6CE0C6E6-55C7-42C9-BFDF-D51FB14CE6B0}.Release|Any CPU.Build.0 = Release|Any CPU
		{F4CDB56C-0BC3-4BCF-AA87-2B3DEBE6AB67}.Debug|Any CPU.ActiveCfg = Debug|Any CPU
		{F4CDB56C-0BC3-4BCF-AA87-2B3DEBE6AB67}.Debug|Any CPU.Build.0 = Debug|Any CPU
		{F4CDB56C-0BC3-4BCF-AA87-2B3DEBE6AB67}.Release|Any CPU.ActiveCfg = Release|Any CPU
		{F4CDB56C-0BC3-4BCF-AA87-2B3DEBE6AB67}.Release|Any CPU.Build.0 = Release|Any CPU
		{C5040A3E-40CE-481F-B1D9-2056D642D937}.Debug|Any CPU.ActiveCfg = Debug|Any CPU
		{C5040A3E-40CE-481F-B1D9-2056D642D937}.Debug|Any CPU.Build.0 = Debug|Any CPU
		{C5040A3E-40CE-481F-B1D9-2056D642D937}.Release|Any CPU.ActiveCfg = Release|Any CPU
		{C5040A3E-40CE-481F-B1D9-2056D642D937}.Release|Any CPU.Build.0 = Release|Any CPU
		{EB18D8F8-FA06-4255-B02E-249AB2D60CE0}.Debug|Any CPU.ActiveCfg = Debug|Any CPU
		{EB18D8F8-FA06-4255-B02E-249AB2D60CE0}.Debug|Any CPU.Build.0 = Debug|Any CPU
		{EB18D8F8-FA06-4255-B02E-249AB2D60CE0}.Release|Any CPU.ActiveCfg = Release|Any CPU
		{EB18D8F8-FA06-4255-B02E-249AB2D60CE0}.Release|Any CPU.Build.0 = Release|Any CPU
		{9D9386D9-976B-4D51-832F-9C61EFAB323E}.Debug|Any CPU.ActiveCfg = Debug|Any CPU
		{9D9386D9-976B-4D51-832F-9C61EFAB323E}.Debug|Any CPU.Build.0 = Debug|Any CPU
		{9D9386D9-976B-4D51-832F-9C61EFAB323E}.Release|Any CPU.ActiveCfg = Release|Any CPU
		{9D9386D9-976B-4D51-832F-9C61EFAB323E}.Release|Any CPU.Build.0 = Release|Any CPU
		{726D6D27-C6AA-425C-B755-E38A6F5786EE}.Debug|Any CPU.ActiveCfg = Debug|Any CPU
		{726D6D27-C6AA-425C-B755-E38A6F5786EE}.Debug|Any CPU.Build.0 = Debug|Any CPU
		{726D6D27-C6AA-425C-B755-E38A6F5786EE}.Release|Any CPU.ActiveCfg = Release|Any CPU
		{726D6D27-C6AA-425C-B755-E38A6F5786EE}.Release|Any CPU.Build.0 = Release|Any CPU
	EndGlobalSection
	GlobalSection(SolutionProperties) = preSolution
		HideSolutionNode = FALSE
	EndGlobalSection
EndGlobal
